
Microsoft Visual Studio Solution File, Format Version 12.00
# Visual Studio Version 17
VisualStudioVersion = 17.7.34009.444
MinimumVisualStudioVersion = 10.0.40219.1
Project("{FAE04EC0-301F-11D3-BF4B-00C04F79EFBC}") = "PharmaTech.PharmaAdmin.Domain", "PharmaTech.PharmaAdmin.Domain.csproj", "{307E7818-3C37-415A-A6D5-C8DBE4ADBFEC}"
EndProject
Global
	GlobalSection(SolutionConfigurationPlatforms) = preSolution
		Debug|Any CPU = Debug|Any CPU
		Release|Any CPU = Release|Any CPU
	EndGlobalSection
	GlobalSection(ProjectConfigurationPlatforms) = postSolution
		{307E7818-3C37-415A-A6D5-C8DBE4ADBFEC}.Debug|Any CPU.ActiveCfg = Debug|Any CPU
		{307E7818-3C37-415A-A6D5-C8DBE4ADBFEC}.Debug|Any CPU.Build.0 = Debug|Any CPU
		{307E7818-3C37-415A-A6D5-C8DBE4ADBFEC}.Release|Any CPU.ActiveCfg = Release|Any CPU
		{307E7818-3C37-415A-A6D5-C8DBE4ADBFEC}.Release|Any CPU.Build.0 = Release|Any CPU
	EndGlobalSection
	GlobalSection(SolutionProperties) = preSolution
		HideSolutionNode = FALSE
	EndGlobalSection
	GlobalSection(ExtensibilityGlobals) = postSolution
		SolutionGuid = {8A5039F1-D6AA-4602-BF9A-79AA8B9A9CBD}
	EndGlobalSection
EndGlobal
